
Microsoft Visual Studio Solution File, Format Version 11.00
# Visual Studio 2010
Project("{FAE04EC0-301F-11D3-BF4B-00C04F79EFBC}") = "KarmanStreet", "KarmanStreet\KarmanStreet.csproj", "{a025a5e8-ffaf-47b4-bf3a-49b3e293be47}"
EndProject
Global
	GlobalSection(SolutionConfigurationPlatforms) = preSolution
		Debug|Any CPU = Debug|Any CPU
		Release|Any CPU = Release|Any CPU
	EndGlobalSection
	GlobalSection(ProjectConfigurationPlatforms) = postSolution
		{A025A5E8-FFAF-47B4-BF3A-49B3E293BE47}.Debug|Any CPU.ActiveCfg = Debug|Any CPU
		{A025A5E8-FFAF-47B4-BF3A-49B3E293BE47}.Debug|Any CPU.Build.0 = Debug|Any CPU
		{A025A5E8-FFAF-47B4-BF3A-49B3E293BE47}.Release|Any CPU.ActiveCfg = Release|Any CPU
		{A025A5E8-FFAF-47B4-BF3A-49B3E293BE47}.Release|Any CPU.Build.0 = Release|Any CPU
	EndGlobalSection
EndGlobal
